// !$*UTF8*$!
{
	archiveVersion = 1;
	classes = {
	};
	objectVersion = 50;
	objects = {

/* Begin PBXBuildFile section */
		6B5F972720F1F02900576278 /* AppDelegate.swift in Sources */ = {isa = PBXBuildFile; fileRef = 6B5F972620F1F02900576278 /* AppDelegate.swift */; };
		6B5F972920F1F02900576278 /* HomeDataSourceController.swift in Sources */ = {isa = PBXBuildFile; fileRef = 6B5F972820F1F02900576278 /* HomeDataSourceController.swift */; };
		6B5F972E20F1F02B00576278 /* Assets.xcassets in Resources */ = {isa = PBXBuildFile; fileRef = 6B5F972D20F1F02B00576278 /* Assets.xcassets */; };
		6B5F973120F1F02B00576278 /* LaunchScreen.storyboard in Resources */ = {isa = PBXBuildFile; fileRef = 6B5F972F20F1F02B00576278 /* LaunchScreen.storyboard */; };
		6B649A6C20F1F52300BD1077 /* HomeDataSource.swift in Sources */ = {isa = PBXBuildFile; fileRef = 6B649A6B20F1F52300BD1077 /* HomeDataSource.swift */; };
		6B649A6E20F1F90B00BD1077 /* UserCell.swift in Sources */ = {isa = PBXBuildFile; fileRef = 6B649A6D20F1F90B00BD1077 /* UserCell.swift */; };
		6B649A7020F1FCB600BD1077 /* UserHeader.swift in Sources */ = {isa = PBXBuildFile; fileRef = 6B649A6F20F1FCB600BD1077 /* UserHeader.swift */; };
		6B649A7220F1FDD500BD1077 /* UserFooter.swift in Sources */ = {isa = PBXBuildFile; fileRef = 6B649A7120F1FDD500BD1077 /* UserFooter.swift */; };
		6B649A7720F227A300BD1077 /* User.swift in Sources */ = {isa = PBXBuildFile; fileRef = 6B649A7620F227A300BD1077 /* User.swift */; };
		6B649A7920F2773A00BD1077 /* HomeDataSourceController+NavBar.swift in Sources */ = {isa = PBXBuildFile; fileRef = 6B649A7820F2773A00BD1077 /* HomeDataSourceController+NavBar.swift */; };
		6B649A7B20F27CD200BD1077 /* TweetCell.swift in Sources */ = {isa = PBXBuildFile; fileRef = 6B649A7A20F27CD200BD1077 /* TweetCell.swift */; };
		6B649A7D20F2831D00BD1077 /* Tweet.swift in Sources */ = {isa = PBXBuildFile; fileRef = 6B649A7C20F2831D00BD1077 /* Tweet.swift */; };
		89E4969A2ACB810E39579931 /* Pods_Twitter.framework in Frameworks */ = {isa = PBXBuildFile; fileRef = A5389A6DAC53117499786933 /* Pods_Twitter.framework */; };
/* End PBXBuildFile section */

/* Begin PBXFileReference section */
		6B5F972320F1F02900576278 /* Twitter.app */ = {isa = PBXFileReference; explicitFileType = wrapper.application; includeInIndex = 0; path = Twitter.app; sourceTree = BUILT_PRODUCTS_DIR; };
		6B5F972620F1F02900576278 /* AppDelegate.swift */ = {isa = PBXFileReference; lastKnownFileType = sourcecode.swift; path = AppDelegate.swift; sourceTree = "<group>"; };
		6B5F972820F1F02900576278 /* HomeDataSourceController.swift */ = {isa = PBXFileReference; lastKnownFileType = sourcecode.swift; path = HomeDataSourceController.swift; sourceTree = "<group>"; };
		6B5F972D20F1F02B00576278 /* Assets.xcassets */ = {isa = PBXFileReference; lastKnownFileType = folder.assetcatalog; path = Assets.xcassets; sourceTree = "<group>"; };
		6B5F973020F1F02B00576278 /* Base */ = {isa = PBXFileReference; lastKnownFileType = file.storyboard; name = Base; path = Base.lproj/LaunchScreen.storyboard; sourceTree = "<group>"; };
		6B5F973220F1F02B00576278 /* Info.plist */ = {isa = PBXFileReference; lastKnownFileType = text.plist.xml; path = Info.plist; sourceTree = "<group>"; };
		6B649A6B20F1F52300BD1077 /* HomeDataSource.swift */ = {isa = PBXFileReference; lastKnownFileType = sourcecode.swift; path = HomeDataSource.swift; sourceTree = "<group>"; };
		6B649A6D20F1F90B00BD1077 /* UserCell.swift */ = {isa = PBXFileReference; lastKnownFileType = sourcecode.swift; path = UserCell.swift; sourceTree = "<group>"; };
		6B649A6F20F1FCB600BD1077 /* UserHeader.swift */ = {isa = PBXFileReference; lastKnownFileType = sourcecode.swift; path = UserHeader.swift; sourceTree = "<group>"; };
		6B649A7120F1FDD500BD1077 /* UserFooter.swift */ = {isa = PBXFileReference; lastKnownFileType = sourcecode.swift; path = UserFooter.swift; sourceTree = "<group>"; };
		6B649A7620F227A300BD1077 /* User.swift */ = {isa = PBXFileReference; lastKnownFileType = sourcecode.swift; path = User.swift; sourceTree = "<group>"; };
		6B649A7820F2773A00BD1077 /* HomeDataSourceController+NavBar.swift */ = {isa = PBXFileReference; lastKnownFileType = sourcecode.swift; path = "HomeDataSourceController+NavBar.swift"; sourceTree = "<group>"; };
		6B649A7A20F27CD200BD1077 /* TweetCell.swift */ = {isa = PBXFileReference; lastKnownFileType = sourcecode.swift; path = TweetCell.swift; sourceTree = "<group>"; };
		6B649A7C20F2831D00BD1077 /* Tweet.swift */ = {isa = PBXFileReference; lastKnownFileType = sourcecode.swift; path = Tweet.swift; sourceTree = "<group>"; };
		A5389A6DAC53117499786933 /* Pods_Twitter.framework */ = {isa = PBXFileReference; explicitFileType = wrapper.framework; includeInIndex = 0; path = Pods_Twitter.framework; sourceTree = BUILT_PRODUCTS_DIR; };
		BC1B96E6665EA3C386C8E0B7 /* Pods-Twitter.debug.xcconfig */ = {isa = PBXFileReference; includeInIndex = 1; lastKnownFileType = text.xcconfig; name = "Pods-Twitter.debug.xcconfig"; path = "Pods/Target Support Files/Pods-Twitter/Pods-Twitter.debug.xcconfig"; sourceTree = "<group>"; };
		E1A1CCB7FB7DDD4B8F676CD1 /* Pods-Twitter.release.xcconfig */ = {isa = PBXFileReference; includeInIndex = 1; lastKnownFileType = text.xcconfig; name = "Pods-Twitter.release.xcconfig"; path = "Pods/Target Support Files/Pods-Twitter/Pods-Twitter.release.xcconfig"; sourceTree = "<group>"; };
/* End PBXFileReference section */

/* Begin PBXFrameworksBuildPhase section */
		6B5F972020F1F02900576278 /* Frameworks */ = {
			isa = PBXFrameworksBuildPhase;
			buildActionMask = 2147483647;
			files = (
				89E4969A2ACB810E39579931 /* Pods_Twitter.framework in Frameworks */,
			);
			runOnlyForDeploymentPostprocessing = 0;
		};
/* End PBXFrameworksBuildPhase section */

/* Begin PBXGroup section */
		68C108F73F6B96561CF3C295 /* Frameworks */ = {
			isa = PBXGroup;
			children = (
				A5389A6DAC53117499786933 /* Pods_Twitter.framework */,
			);
			name = Frameworks;
			sourceTree = "<group>";
		};
		6B5F971A20F1F02900576278 = {
			isa = PBXGroup;
			children = (
				6B5F972520F1F02900576278 /* Twitter */,
				6B5F972420F1F02900576278 /* Products */,
				CEF9139613B39BB33213403C /* Pods */,
				68C108F73F6B96561CF3C295 /* Frameworks */,
			);
			sourceTree = "<group>";
		};
		6B5F972420F1F02900576278 /* Products */ = {
			isa = PBXGroup;
			children = (
				6B5F972320F1F02900576278 /* Twitter.app */,
			);
			name = Products;
			sourceTree = "<group>";
		};
		6B5F972520F1F02900576278 /* Twitter */ = {
			isa = PBXGroup;
			children = (
				6B649A7320F1FF3000BD1077 /* Model */,
				6B649A7520F1FF4900BD1077 /* Views */,
				6B649A7420F1FF3D00BD1077 /* Controller */,
				6B5F972620F1F02900576278 /* AppDelegate.swift */,
				6B5F972D20F1F02B00576278 /* Assets.xcassets */,
				6B5F972F20F1F02B00576278 /* LaunchScreen.storyboard */,
				6B5F973220F1F02B00576278 /* Info.plist */,
			);
			path = Twitter;
			sourceTree = "<group>";
		};
		6B649A7320F1FF3000BD1077 /* Model */ = {
			isa = PBXGroup;
			children = (
				6B649A6B20F1F52300BD1077 /* HomeDataSource.swift */,
				6B649A7620F227A300BD1077 /* User.swift */,
				6B649A7C20F2831D00BD1077 /* Tweet.swift */,
			);
			path = Model;
			sourceTree = "<group>";
		};
		6B649A7420F1FF3D00BD1077 /* Controller */ = {
			isa = PBXGroup;
			children = (
				6B5F972820F1F02900576278 /* HomeDataSourceController.swift */,
				6B649A7820F2773A00BD1077 /* HomeDataSourceController+NavBar.swift */,
			);
			path = Controller;
			sourceTree = "<group>";
		};
		6B649A7520F1FF4900BD1077 /* Views */ = {
			isa = PBXGroup;
			children = (
				6B649A6D20F1F90B00BD1077 /* UserCell.swift */,
				6B649A6F20F1FCB600BD1077 /* UserHeader.swift */,
				6B649A7120F1FDD500BD1077 /* UserFooter.swift */,
				6B649A7A20F27CD200BD1077 /* TweetCell.swift */,
			);
			path = Views;
			sourceTree = "<group>";
		};
		CEF9139613B39BB33213403C /* Pods */ = {
			isa = PBXGroup;
			children = (
				BC1B96E6665EA3C386C8E0B7 /* Pods-Twitter.debug.xcconfig */,
				E1A1CCB7FB7DDD4B8F676CD1 /* Pods-Twitter.release.xcconfig */,
			);
			name = Pods;
			sourceTree = "<group>";
		};
/* End PBXGroup section */

/* Begin PBXNativeTarget section */
		6B5F972220F1F02900576278 /* Twitter */ = {
			isa = PBXNativeTarget;
			buildConfigurationList = 6B5F973520F1F02B00576278 /* Build configuration list for PBXNativeTarget "Twitter" */;
			buildPhases = (
				12607AA4B87E54A68A572F02 /* [CP] Check Pods Manifest.lock */,
				6B5F971F20F1F02900576278 /* Sources */,
				6B5F972020F1F02900576278 /* Frameworks */,
				6B5F972120F1F02900576278 /* Resources */,
				7B2D924F9B80AFA41818D2F5 /* [CP] Embed Pods Frameworks */,
			);
			buildRules = (
			);
			dependencies = (
			);
			name = Twitter;
			productName = Twitter;
			productReference = 6B5F972320F1F02900576278 /* Twitter.app */;
			productType = "com.apple.product-type.application";
		};
/* End PBXNativeTarget section */

/* Begin PBXProject section */
		6B5F971B20F1F02900576278 /* Project object */ = {
			isa = PBXProject;
			attributes = {
				LastSwiftUpdateCheck = 0940;
				LastUpgradeCheck = 0940;
				ORGANIZATIONNAME = "Tarasenko Jurik";
				TargetAttributes = {
					6B5F972220F1F02900576278 = {
						CreatedOnToolsVersion = 9.4.1;
					};
				};
			};
			buildConfigurationList = 6B5F971E20F1F02900576278 /* Build configuration list for PBXProject "Twitter" */;
			compatibilityVersion = "Xcode 9.3";
			developmentRegion = en;
			hasScannedForEncodings = 0;
			knownRegions = (
				en,
				Base,
			);
			mainGroup = 6B5F971A20F1F02900576278;
			productRefGroup = 6B5F972420F1F02900576278 /* Products */;
			projectDirPath = "";
			projectRoot = "";
			targets = (
				6B5F972220F1F02900576278 /* Twitter */,
			);
		};
/* End PBXProject section */

/* Begin PBXResourcesBuildPhase section */
		6B5F972120F1F02900576278 /* Resources */ = {
			isa = PBXResourcesBuildPhase;
			buildActionMask = 2147483647;
			files = (
				6B5F973120F1F02B00576278 /* LaunchScreen.storyboard in Resources */,
				6B5F972E20F1F02B00576278 /* Assets.xcassets in Resources */,
			);
			runOnlyForDeploymentPostprocessing = 0;
		};
/* End PBXResourcesBuildPhase section */

/* Begin PBXShellScriptBuildPhase section */
		12607AA4B87E54A68A572F02 /* [CP] Check Pods Manifest.lock */ = {
			isa = PBXShellScriptBuildPhase;
			buildActionMask = 2147483647;
			files = (
			);
			inputPaths = (
				"${PODS_PODFILE_DIR_PATH}/Podfile.lock",
				"${PODS_ROOT}/Manifest.lock",
			);
			name = "[CP] Check Pods Manifest.lock";
			outputPaths = (
				"$(DERIVED_FILE_DIR)/Pods-Twitter-checkManifestLockResult.txt",
			);
			runOnlyForDeploymentPostprocessing = 0;
			shellPath = /bin/sh;
			shellScript = "diff \"${PODS_PODFILE_DIR_PATH}/Podfile.lock\" \"${PODS_ROOT}/Manifest.lock\" > /dev/null\nif [ $? != 0 ] ; then\n    # print error to STDERR\n    echo \"error: The sandbox is not in sync with the Podfile.lock. Run 'pod install' or update your CocoaPods installation.\" >&2\n    exit 1\nfi\n# This output is used by Xcode 'outputs' to avoid re-running this script phase.\necho \"SUCCESS\" > \"${SCRIPT_OUTPUT_FILE_0}\"\n";
			showEnvVarsInLog = 0;
		};
		7B2D924F9B80AFA41818D2F5 /* [CP] Embed Pods Frameworks */ = {
			isa = PBXShellScriptBuildPhase;
			buildActionMask = 2147483647;
			files = (
			);
			inputPaths = (
				"${SRCROOT}/Pods/Target Support Files/Pods-Twitter/Pods-Twitter-frameworks.sh",
				"${BUILT_PRODUCTS_DIR}/Alamofire/Alamofire.framework",
				"${BUILT_PRODUCTS_DIR}/LBTAComponents/LBTAComponents.framework",
				"${BUILT_PRODUCTS_DIR}/SwiftyJSON/SwiftyJSON.framework",
				"${BUILT_PRODUCTS_DIR}/TRON/TRON.framework",
			);
			name = "[CP] Embed Pods Frameworks";
			outputPaths = (
				"${TARGET_BUILD_DIR}/${FRAMEWORKS_FOLDER_PATH}/Alamofire.framework",
				"${TARGET_BUILD_DIR}/${FRAMEWORKS_FOLDER_PATH}/LBTAComponents.framework",
				"${TARGET_BUILD_DIR}/${FRAMEWORKS_FOLDER_PATH}/SwiftyJSON.framework",
				"${TARGET_BUILD_DIR}/${FRAMEWORKS_FOLDER_PATH}/TRON.framework",
			);
			runOnlyForDeploymentPostprocessing = 0;
			shellPath = /bin/sh;
			shellScript = "\"${SRCROOT}/Pods/Target Support Files/Pods-Twitter/Pods-Twitter-frameworks.sh\"\n";
			showEnvVarsInLog = 0;
		};
/* End PBXShellScriptBuildPhase section */

/* Begin PBXSourcesBuildPhase section */
		6B5F971F20F1F02900576278 /* Sources */ = {
			isa = PBXSourcesBuildPhase;
			buildActionMask = 2147483647;
			files = (
				6B649A6E20F1F90B00BD1077 /* UserCell.swift in Sources */,
				6B649A7D20F2831D00BD1077 /* Tweet.swift in Sources */,
				6B649A7220F1FDD500BD1077 /* UserFooter.swift in Sources */,
				6B5F972920F1F02900576278 /* HomeDataSourceController.swift in Sources */,
				6B649A7B20F27CD200BD1077 /* TweetCell.swift in Sources */,
				6B649A6C20F1F52300BD1077 /* HomeDataSource.swift in Sources */,
				6B5F972720F1F02900576278 /* AppDelegate.swift in Sources */,
				6B649A7920F2773A00BD1077 /* HomeDataSourceController+NavBar.swift in Sources */,
				6B649A7020F1FCB600BD1077 /* UserHeader.swift in Sources */,
				6B649A7720F227A300BD1077 /* User.swift in Sources */,
			);
			runOnlyForDeploymentPostprocessing = 0;
		};
/* End PBXSourcesBuildPhase section */

/* Begin PBXVariantGroup section */
		6B5F972F20F1F02B00576278 /* LaunchScreen.storyboard */ = {
			isa = PBXVariantGroup;
			children = (
				6B5F973020F1F02B00576278 /* Base */,
			);
			name = LaunchScreen.storyboard;
			sourceTree = "<group>";
		};
/* End PBXVariantGroup section */

/* Begin XCBuildConfiguration section */
		6B5F973320F1F02B00576278 /* Debug */ = {
			isa = XCBuildConfiguration;
			buildSettings = {
				ALWAYS_SEARCH_USER_PATHS = NO;
				CLANG_ANALYZER_NONNULL = YES;
				CLANG_ANALYZER_NUMBER_OBJECT_CONVERSION = YES_AGGRESSIVE;
				CLANG_CXX_LANGUAGE_STANDARD = "gnu++14";
				CLANG_CXX_LIBRARY = "libc++";
				CLANG_ENABLE_MODULES = YES;
				CLANG_ENABLE_OBJC_ARC = YES;
				CLANG_ENABLE_OBJC_WEAK = YES;
				CLANG_WARN_BLOCK_CAPTURE_AUTORELEASING = YES;
				CLANG_WARN_BOOL_CONVERSION = YES;
				CLANG_WARN_COMMA = YES;
				CLANG_WARN_CONSTANT_CONVERSION = YES;
				CLANG_WARN_DEPRECATED_OBJC_IMPLEMENTATIONS = YES;
				CLANG_WARN_DIRECT_OBJC_ISA_USAGE = YES_ERROR;
				CLANG_WARN_DOCUMENTATION_COMMENTS = YES;
				CLANG_WARN_EMPTY_BODY = YES;
				CLANG_WARN_ENUM_CONVERSION = YES;
				CLANG_WARN_INFINITE_RECURSION = YES;
				CLANG_WARN_INT_CONVERSION = YES;
				CLANG_WARN_NON_LITERAL_NULL_CONVERSION = YES;
				CLANG_WARN_OBJC_IMPLICIT_RETAIN_SELF = YES;
				CLANG_WARN_OBJC_LITERAL_CONVERSION = YES;
				CLANG_WARN_OBJC_ROOT_CLASS = YES_ERROR;
				CLANG_WARN_RANGE_LOOP_ANALYSIS = YES;
				CLANG_WARN_STRICT_PROTOTYPES = YES;
				CLANG_WARN_SUSPICIOUS_MOVE = YES;
				CLANG_WARN_UNGUARDED_AVAILABILITY = YES_AGGRESSIVE;
				CLANG_WARN_UNREACHABLE_CODE = YES;
				CLANG_WARN__DUPLICATE_METHOD_MATCH = YES;
				CODE_SIGN_IDENTITY = "iPhone Developer";
				COPY_PHASE_STRIP = NO;
				DEBUG_INFORMATION_FORMAT = dwarf;
				ENABLE_STRICT_OBJC_MSGSEND = YES;
				ENABLE_TESTABILITY = YES;
				GCC_C_LANGUAGE_STANDARD = gnu11;
				GCC_DYNAMIC_NO_PIC = NO;
				GCC_NO_COMMON_BLOCKS = YES;
				GCC_OPTIMIZATION_LEVEL = 0;
				GCC_PREPROCESSOR_DEFINITIONS = (
					"DEBUG=1",
					"$(inherited)",
				);
				GCC_WARN_64_TO_32_BIT_CONVERSION = YES;
				GCC_WARN_ABOUT_RETURN_TYPE = YES_ERROR;
				GCC_WARN_UNDECLARED_SELECTOR = YES;
				GCC_WARN_UNINITIALIZED_AUTOS = YES_AGGRESSIVE;
				GCC_WARN_UNUSED_FUNCTION = YES;
				GCC_WARN_UNUSED_VARIABLE = YES;
				IPHONEOS_DEPLOYMENT_TARGET = 11.4;
				MTL_ENABLE_DEBUG_INFO = YES;
				ONLY_ACTIVE_ARCH = YES;
				SDKROOT = iphoneos;
				SWIFT_ACTIVE_COMPILATION_CONDITIONS = DEBUG;
				SWIFT_OPTIMIZATION_LEVEL = "-Onone";
			};
			name = Debug;
		};
		6B5F973420F1F02B00576278 /* Release */ = {
			isa = XCBuildConfiguration;
			buildSettings = {
				ALWAYS_SEARCH_USER_PATHS = NO;
				CLANG_ANALYZER_NONNULL = YES;
				CLANG_ANALYZER_NUMBER_OBJECT_CONVERSION = YES_AGGRESSIVE;
				CLANG_CXX_LANGUAGE_STANDARD = "gnu++14";
				CLANG_CXX_LIBRARY = "libc++";
				CLANG_ENABLE_MODULES = YES;
				CLANG_ENABLE_OBJC_ARC = YES;
				CLANG_ENABLE_OBJC_WEAK = YES;
				CLANG_WARN_BLOCK_CAPTURE_AUTORELEASING = YES;
				CLANG_WARN_BOOL_CONVERSION = YES;
				CLANG_WARN_COMMA = YES;
				CLANG_WARN_CONSTANT_CONVERSION = YES;
				CLANG_WARN_DEPRECATED_OBJC_IMPLEMENTATIONS = YES;
				CLANG_WARN_DIRECT_OBJC_ISA_USAGE = YES_ERROR;
				CLANG_WARN_DOCUMENTATION_COMMENTS = YES;
				CLANG_WARN_EMPTY_BODY = YES;
				CLANG_WARN_ENUM_CONVERSION = YES;
				CLANG_WARN_INFINITE_RECURSION = YES;
				CLANG_WARN_INT_CONVERSION = YES;
				CLANG_WARN_NON_LITERAL_NULL_CONVERSION = YES;
				CLANG_WARN_OBJC_IMPLICIT_RETAIN_SELF = YES;
				CLANG_WARN_OBJC_LITERAL_CONVERSION = YES;
				CLANG_WARN_OBJC_ROOT_CLASS = YES_ERROR;
				CLANG_WARN_RANGE_LOOP_ANALYSIS = YES;
				CLANG_WARN_STRICT_PROTOTYPES = YES;
				CLANG_WARN_SUSPICIOUS_MOVE = YES;
				CLANG_WARN_UNGUARDED_AVAILABILITY = YES_AGGRESSIVE;
				CLANG_WARN_UNREACHABLE_CODE = YES;
				CLANG_WARN__DUPLICATE_METHOD_MATCH = YES;
				CODE_SIGN_IDENTITY = "iPhone Developer";
				COPY_PHASE_STRIP = NO;
				DEBUG_INFORMATION_FORMAT = "dwarf-with-dsym";
				ENABLE_NS_ASSERTIONS = NO;
				ENABLE_STRICT_OBJC_MSGSEND = YES;
				GCC_C_LANGUAGE_STANDARD = gnu11;
				GCC_NO_COMMON_BLOCKS = YES;
				GCC_WARN_64_TO_32_BIT_CONVERSION = YES;
				GCC_WARN_ABOUT_RETURN_TYPE = YES_ERROR;
				GCC_WARN_UNDECLARED_SELECTOR = YES;
				GCC_WARN_UNINITIALIZED_AUTOS = YES_AGGRESSIVE;
				GCC_WARN_UNUSED_FUNCTION = YES;
				GCC_WARN_UNUSED_VARIABLE = YES;
				IPHONEOS_DEPLOYMENT_TARGET = 11.4;
				MTL_ENABLE_DEBUG_INFO = NO;
				SDKROOT = iphoneos;
				SWIFT_COMPILATION_MODE = wholemodule;
				SWIFT_OPTIMIZATION_LEVEL = "-O";
				VALIDATE_PRODUCT = YES;
			};
			name = Release;
		};
		6B5F973620F1F02B00576278 /* Debug */ = {
			isa = XCBuildConfiguration;
			baseConfigurationReference = BC1B96E6665EA3C386C8E0B7 /* Pods-Twitter.debug.xcconfig */;
			buildSettings = {
				ASSETCATALOG_COMPILER_APPICON_NAME = AppIcon;
				CODE_SIGN_STYLE = Automatic;
				INFOPLIST_FILE = Twitter/Info.plist;
				LD_RUNPATH_SEARCH_PATHS = (
					"$(inherited)",
					"@executable_path/Frameworks",
				);
				PRODUCT_BUNDLE_IDENTIFIER = Tarasenko.Twitter;
				PRODUCT_NAME = "$(TARGET_NAME)";
				SWIFT_VERSION = 4.0;
				TARGETED_DEVICE_FAMILY = "1,2";
			};
			name = Debug;
		};
		6B5F973720F1F02B00576278 /* Release */ = {
			isa = XCBuildConfiguration;
			baseConfigurationReference = E1A1CCB7FB7DDD4B8F676CD1 /* Pods-Twitter.release.xcconfig */;
			buildSettings = {
				ASSETCATALOG_COMPILER_APPICON_NAME = AppIcon;
				CODE_SIGN_STYLE = Automatic;
				INFOPLIST_FILE = Twitter/Info.plist;
				LD_RUNPATH_SEARCH_PATHS = (
					"$(inherited)",
					"@executable_path/Frameworks",
				);
				PRODUCT_BUNDLE_IDENTIFIER = Tarasenko.Twitter;
				PRODUCT_NAME = "$(TARGET_NAME)";
				SWIFT_VERSION = 4.0;
				TARGETED_DEVICE_FAMILY = "1,2";
			};
			name = Release;
		};
/* End XCBuildConfiguration section */

/* Begin XCConfigurationList section */
		6B5F971E20F1F02900576278 /* Build configuration list for PBXProject "Twitter" */ = {
			isa = XCConfigurationList;
			buildConfigurations = (
				6B5F973320F1F02B00576278 /* Debug */,
				6B5F973420F1F02B00576278 /* Release */,
			);
			defaultConfigurationIsVisible = 0;
			defaultConfigurationName = Release;
		};
		6B5F973520F1F02B00576278 /* Build configuration list for PBXNativeTarget "Twitter" */ = {
			isa = XCConfigurationList;
			buildConfigurations = (
				6B5F973620F1F02B00576278 /* Debug */,
				6B5F973720F1F02B00576278 /* Release */,
			);
			defaultConfigurationIsVisible = 0;
			defaultConfigurationName = Release;
		};
/* End XCConfigurationList section */
	};
	rootObject = 6B5F971B20F1F02900576278 /* Project object */;
}
